
Microsoft Visual Studio Solution File, Format Version 12.00
# Visual Studio Version 17
VisualStudioVersion = 17.7.34024.191
MinimumVisualStudioVersion = 10.0.40219.1
Project("{9A19103F-16F7-4668-BE54-9A1E7A4F7556}") = "Broker.Consumer", "..\Broker.Consumer\Broker.Consumer.csproj", "{BFA4CF1B-E3F2-4878-8812-10F3CD034D86}"
EndProject
Project("{9A19103F-16F7-4668-BE54-9A1E7A4F7556}") = "Broker.Api", "..\Broker.Api\Broker.Api.csproj", "{33F8BBA5-05D5-45A8-9CA6-E42FD715CF6A}"
EndProject
Global
	GlobalSection(SolutionConfigurationPlatforms) = preSolution
		Debug|Any CPU = Debug|Any CPU
		Release|Any CPU = Release|Any CPU
	EndGlobalSection
	GlobalSection(ProjectConfigurationPlatforms) = postSolution
		{BFA4CF1B-E3F2-4878-8812-10F3CD034D86}.Debug|Any CPU.ActiveCfg = Debug|Any CPU
		{BFA4CF1B-E3F2-4878-8812-10F3CD034D86}.Debug|Any CPU.Build.0 = Debug|Any CPU
		{BFA4CF1B-E3F2-4878-8812-10F3CD034D86}.Release|Any CPU.ActiveCfg = Release|Any CPU
		{BFA4CF1B-E3F2-4878-8812-10F3CD034D86}.Release|Any CPU.Build.0 = Release|Any CPU
		{33F8BBA5-05D5-45A8-9CA6-E42FD715CF6A}.Debug|Any CPU.ActiveCfg = Debug|Any CPU
		{33F8BBA5-05D5-45A8-9CA6-E42FD715CF6A}.Debug|Any CPU.Build.0 = Debug|Any CPU
		{33F8BBA5-05D5-45A8-9CA6-E42FD715CF6A}.Release|Any CPU.ActiveCfg = Release|Any CPU
		{33F8BBA5-05D5-45A8-9CA6-E42FD715CF6A}.Release|Any CPU.Build.0 = Release|Any CPU
	EndGlobalSection
	GlobalSection(SolutionProperties) = preSolution
		HideSolutionNode = FALSE
	EndGlobalSection
	GlobalSection(ExtensibilityGlobals) = postSolution
		SolutionGuid = {FDD4D893-3F8D-4D98-AEE2-FB3F9100092E}
	EndGlobalSection
EndGlobal
